// !$*UTF8*$!
{
	archiveVersion = 1;
	classes = {
	};
	objectVersion = 56;
	objects = {

/* Begin PBXBuildFile section */
		DA9EAD9B29C3937800545E7B /* MqttnioFramework.docc in Sources */ = {isa = PBXBuildFile; fileRef = DA9EAD9A29C3937800545E7B /* MqttnioFramework.docc */; };
		DA9EADA129C3937800545E7B /* MqttnioFramework.framework in Frameworks */ = {isa = PBXBuildFile; fileRef = DA9EAD9629C3937800545E7B /* MqttnioFramework.framework */; };
		DA9EADA629C3937800545E7B /* MqttnioFrameworkTests.swift in Sources */ = {isa = PBXBuildFile; fileRef = DA9EADA529C3937800545E7B /* MqttnioFrameworkTests.swift */; };
		DA9EADA729C3937800545E7B /* MqttnioFramework.h in Headers */ = {isa = PBXBuildFile; fileRef = DA9EAD9929C3937800545E7B /* MqttnioFramework.h */; settings = {ATTRIBUTES = (Public, ); }; };
/* End PBXBuildFile section */

/* Begin PBXContainerItemProxy section */
		DA9EADA229C3937800545E7B /* PBXContainerItemProxy */ = {
			isa = PBXContainerItemProxy;
			containerPortal = DA9EAD8D29C3937800545E7B /* Project object */;
			proxyType = 1;
			remoteGlobalIDString = DA9EAD9529C3937800545E7B;
			remoteInfo = MqttnioFramework;
		};
/* End PBXContainerItemProxy section */

/* Begin PBXFileReference section */
		DA9EAD9629C3937800545E7B /* MqttnioFramework.framework */ = {isa = PBXFileReference; explicitFileType = wrapper.framework; includeInIndex = 0; path = MqttnioFramework.framework; sourceTree = BUILT_PRODUCTS_DIR; };
		DA9EAD9929C3937800545E7B /* MqttnioFramework.h */ = {isa = PBXFileReference; lastKnownFileType = sourcecode.c.h; path = MqttnioFramework.h; sourceTree = "<group>"; };
		DA9EAD9A29C3937800545E7B /* MqttnioFramework.docc */ = {isa = PBXFileReference; lastKnownFileType = folder.documentationcatalog; path = MqttnioFramework.docc; sourceTree = "<group>"; };
		DA9EADA029C3937800545E7B /* MqttnioFrameworkTests.xctest */ = {isa = PBXFileReference; explicitFileType = wrapper.cfbundle; includeInIndex = 0; path = MqttnioFrameworkTests.xctest; sourceTree = BUILT_PRODUCTS_DIR; };
		DA9EADA529C3937800545E7B /* MqttnioFrameworkTests.swift */ = {isa = PBXFileReference; lastKnownFileType = sourcecode.swift; path = MqttnioFrameworkTests.swift; sourceTree = "<group>"; };
/* End PBXFileReference section */

/* Begin PBXFrameworksBuildPhase section */
		DA9EAD9329C3937800545E7B /* Frameworks */ = {
			isa = PBXFrameworksBuildPhase;
			buildActionMask = 2147483647;
			files = (
			);
			runOnlyForDeploymentPostprocessing = 0;
		};
		DA9EAD9D29C3937800545E7B /* Frameworks */ = {
			isa = PBXFrameworksBuildPhase;
			buildActionMask = 2147483647;
			files = (
				DA9EADA129C3937800545E7B /* MqttnioFramework.framework in Frameworks */,
			);
			runOnlyForDeploymentPostprocessing = 0;
		};
/* End PBXFrameworksBuildPhase section */

/* Begin PBXGroup section */
		DA9EAD8C29C3937800545E7B = {
			isa = PBXGroup;
			children = (
				DA9EAD9829C3937800545E7B /* MqttnioFramework */,
				DA9EADA429C3937800545E7B /* MqttnioFrameworkTests */,
				DA9EAD9729C3937800545E7B /* Products */,
			);
			sourceTree = "<group>";
		};
		DA9EAD9729C3937800545E7B /* Products */ = {
			isa = PBXGroup;
			children = (
				DA9EAD9629C3937800545E7B /* MqttnioFramework.framework */,
				DA9EADA029C3937800545E7B /* MqttnioFrameworkTests.xctest */,
			);
			name = Products;
			sourceTree = "<group>";
		};
		DA9EAD9829C3937800545E7B /* MqttnioFramework */ = {
			isa = PBXGroup;
			children = (
				DA9EAD9929C3937800545E7B /* MqttnioFramework.h */,
				DA9EAD9A29C3937800545E7B /* MqttnioFramework.docc */,
			);
			path = MqttnioFramework;
			sourceTree = "<group>";
		};
		DA9EADA429C3937800545E7B /* MqttnioFrameworkTests */ = {
			isa = PBXGroup;
			children = (
				DA9EADA529C3937800545E7B /* MqttnioFrameworkTests.swift */,
			);
			path = MqttnioFrameworkTests;
			sourceTree = "<group>";
		};
/* End PBXGroup section */

/* Begin PBXHeadersBuildPhase section */
		DA9EAD9129C3937800545E7B /* Headers */ = {
			isa = PBXHeadersBuildPhase;
			buildActionMask = 2147483647;
			files = (
				DA9EADA729C3937800545E7B /* MqttnioFramework.h in Headers */,
			);
			runOnlyForDeploymentPostprocessing = 0;
		};
/* End PBXHeadersBuildPhase section */

/* Begin PBXNativeTarget section */
		DA9EAD9529C3937800545E7B /* MqttnioFramework */ = {
			isa = PBXNativeTarget;
			buildConfigurationList = DA9EADAA29C3937800545E7B /* Build configuration list for PBXNativeTarget "MqttnioFramework" */;
			buildPhases = (
				DA9EAD9129C3937800545E7B /* Headers */,
				DA9EAD9229C3937800545E7B /* Sources */,
				DA9EAD9329C3937800545E7B /* Frameworks */,
				DA9EAD9429C3937800545E7B /* Resources */,
			);
			buildRules = (
			);
			dependencies = (
			);
			name = MqttnioFramework;
			productName = MqttnioFramework;
			productReference = DA9EAD9629C3937800545E7B /* MqttnioFramework.framework */;
			productType = "com.apple.product-type.framework";
		};
		DA9EAD9F29C3937800545E7B /* MqttnioFrameworkTests */ = {
			isa = PBXNativeTarget;
			buildConfigurationList = DA9EADAD29C3937800545E7B /* Build configuration list for PBXNativeTarget "MqttnioFrameworkTests" */;
			buildPhases = (
				DA9EAD9C29C3937800545E7B /* Sources */,
				DA9EAD9D29C3937800545E7B /* Frameworks */,
				DA9EAD9E29C3937800545E7B /* Resources */,
			);
			buildRules = (
			);
			dependencies = (
				DA9EADA329C3937800545E7B /* PBXTargetDependency */,
			);
			name = MqttnioFrameworkTests;
			productName = MqttnioFrameworkTests;
			productReference = DA9EADA029C3937800545E7B /* MqttnioFrameworkTests.xctest */;
			productType = "com.apple.product-type.bundle.unit-test";
		};
/* End PBXNativeTarget section */

/* Begin PBXProject section */
		DA9EAD8D29C3937800545E7B /* Project object */ = {
			isa = PBXProject;
			attributes = {
				BuildIndependentTargetsInParallel = 1;
				LastSwiftUpdateCheck = 1410;
				LastUpgradeCheck = 1410;
				TargetAttributes = {
					DA9EAD9529C3937800545E7B = {
						CreatedOnToolsVersion = 14.1;
					};
					DA9EAD9F29C3937800545E7B = {
						CreatedOnToolsVersion = 14.1;
					};
				};
			};
			buildConfigurationList = DA9EAD9029C3937800545E7B /* Build configuration list for PBXProject "MqttnioFramework" */;
			compatibilityVersion = "Xcode 14.0";
			developmentRegion = en;
			hasScannedForEncodings = 0;
			knownRegions = (
				en,
				Base,
			);
			mainGroup = DA9EAD8C29C3937800545E7B;
			productRefGroup = DA9EAD9729C3937800545E7B /* Products */;
			projectDirPath = "";
			projectRoot = "";
			targets = (
				DA9EAD9529C3937800545E7B /* MqttnioFramework */,
				DA9EAD9F29C3937800545E7B /* MqttnioFrameworkTests */,
			);
		};
/* End PBXProject section */

/* Begin PBXResourcesBuildPhase section */
		DA9EAD9429C3937800545E7B /* Resources */ = {
			isa = PBXResourcesBuildPhase;
			buildActionMask = 2147483647;
			files = (
			);
			runOnlyForDeploymentPostprocessing = 0;
		};
		DA9EAD9E29C3937800545E7B /* Resources */ = {
			isa = PBXResourcesBuildPhase;
			buildActionMask = 2147483647;
			files = (
			);
			runOnlyForDeploymentPostprocessing = 0;
		};
/* End PBXResourcesBuildPhase section */

/* Begin PBXSourcesBuildPhase section */
		DA9EAD9229C3937800545E7B /* Sources */ = {
			isa = PBXSourcesBuildPhase;
			buildActionMask = 2147483647;
			files = (
				DA9EAD9B29C3937800545E7B /* MqttnioFramework.docc in Sources */,
			);
			runOnlyForDeploymentPostprocessing = 0;
		};
		DA9EAD9C29C3937800545E7B /* Sources */ = {
			isa = PBXSourcesBuildPhase;
			buildActionMask = 2147483647;
			files = (
				DA9EADA629C3937800545E7B /* MqttnioFrameworkTests.swift in Sources */,
			);
			runOnlyForDeploymentPostprocessing = 0;
		};
/* End PBXSourcesBuildPhase section */

/* Begin PBXTargetDependency section */
		DA9EADA329C3937800545E7B /* PBXTargetDependency */ = {
			isa = PBXTargetDependency;
			target = DA9EAD9529C3937800545E7B /* MqttnioFramework */;
			targetProxy = DA9EADA229C3937800545E7B /* PBXContainerItemProxy */;
		};
/* End PBXTargetDependency section */

/* Begin XCBuildConfiguration section */
		DA9EADA829C3937800545E7B /* Debug */ = {
			isa = XCBuildConfiguration;
			buildSettings = {
				ALWAYS_SEARCH_USER_PATHS = NO;
				CLANG_ANALYZER_NONNULL = YES;
				CLANG_ANALYZER_NUMBER_OBJECT_CONVERSION = YES_AGGRESSIVE;
				CLANG_CXX_LANGUAGE_STANDARD = "gnu++20";
				CLANG_ENABLE_MODULES = YES;
				CLANG_ENABLE_OBJC_ARC = YES;
				CLANG_ENABLE_OBJC_WEAK = YES;
				CLANG_WARN_BLOCK_CAPTURE_AUTORELEASING = YES;
				CLANG_WARN_BOOL_CONVERSION = YES;
				CLANG_WARN_COMMA = YES;
				CLANG_WARN_CONSTANT_CONVERSION = YES;
				CLANG_WARN_DEPRECATED_OBJC_IMPLEMENTATIONS = YES;
				CLANG_WARN_DIRECT_OBJC_ISA_USAGE = YES_ERROR;
				CLANG_WARN_DOCUMENTATION_COMMENTS = YES;
				CLANG_WARN_EMPTY_BODY = YES;
				CLANG_WARN_ENUM_CONVERSION = YES;
				CLANG_WARN_INFINITE_RECURSION = YES;
				CLANG_WARN_INT_CONVERSION = YES;
				CLANG_WARN_NON_LITERAL_NULL_CONVERSION = YES;
				CLANG_WARN_OBJC_IMPLICIT_RETAIN_SELF = YES;
				CLANG_WARN_OBJC_LITERAL_CONVERSION = YES;
				CLANG_WARN_OBJC_ROOT_CLASS = YES_ERROR;
				CLANG_WARN_QUOTED_INCLUDE_IN_FRAMEWORK_HEADER = YES;
				CLANG_WARN_RANGE_LOOP_ANALYSIS = YES;
				CLANG_WARN_STRICT_PROTOTYPES = YES;
				CLANG_WARN_SUSPICIOUS_MOVE = YES;
				CLANG_WARN_UNGUARDED_AVAILABILITY = YES_AGGRESSIVE;
				CLANG_WARN_UNREACHABLE_CODE = YES;
				CLANG_WARN__DUPLICATE_METHOD_MATCH = YES;
				COPY_PHASE_STRIP = NO;
				CURRENT_PROJECT_VERSION = 1;
				DEBUG_INFORMATION_FORMAT = dwarf;
				ENABLE_STRICT_OBJC_MSGSEND = YES;
				ENABLE_TESTABILITY = YES;
				GCC_C_LANGUAGE_STANDARD = gnu11;
				GCC_DYNAMIC_NO_PIC = NO;
				GCC_NO_COMMON_BLOCKS = YES;
				GCC_OPTIMIZATION_LEVEL = 0;
				GCC_PREPROCESSOR_DEFINITIONS = (
					"DEBUG=1",
					"$(inherited)",
				);
				GCC_WARN_64_TO_32_BIT_CONVERSION = YES;
				GCC_WARN_ABOUT_RETURN_TYPE = YES_ERROR;
				GCC_WARN_UNDECLARED_SELECTOR = YES;
				GCC_WARN_UNINITIALIZED_AUTOS = YES_AGGRESSIVE;
				GCC_WARN_UNUSED_FUNCTION = YES;
				GCC_WARN_UNUSED_VARIABLE = YES;
				IPHONEOS_DEPLOYMENT_TARGET = 16.1;
				MTL_ENABLE_DEBUG_INFO = INCLUDE_SOURCE;
				MTL_FAST_MATH = YES;
				ONLY_ACTIVE_ARCH = YES;
				SDKROOT = iphoneos;
				SWIFT_ACTIVE_COMPILATION_CONDITIONS = DEBUG;
				SWIFT_OPTIMIZATION_LEVEL = "-Onone";
				VERSIONING_SYSTEM = "apple-generic";
				VERSION_INFO_PREFIX = "";
			};
			name = Debug;
		};
		DA9EADA929C3937800545E7B /* Release */ = {
			isa = XCBuildConfiguration;
			buildSettings = {
				ALWAYS_SEARCH_USER_PATHS = NO;
				CLANG_ANALYZER_NONNULL = YES;
				CLANG_ANALYZER_NUMBER_OBJECT_CONVERSION = YES_AGGRESSIVE;
				CLANG_CXX_LANGUAGE_STANDARD = "gnu++20";
				CLANG_ENABLE_MODULES = YES;
				CLANG_ENABLE_OBJC_ARC = YES;
				CLANG_ENABLE_OBJC_WEAK = YES;
				CLANG_WARN_BLOCK_CAPTURE_AUTORELEASING = YES;
				CLANG_WARN_BOOL_CONVERSION = YES;
				CLANG_WARN_COMMA = YES;
				CLANG_WARN_CONSTANT_CONVERSION = YES;
				CLANG_WARN_DEPRECATED_OBJC_IMPLEMENTATIONS = YES;
				CLANG_WARN_DIRECT_OBJC_ISA_USAGE = YES_ERROR;
				CLANG_WARN_DOCUMENTATION_COMMENTS = YES;
				CLANG_WARN_EMPTY_BODY = YES;
				CLANG_WARN_ENUM_CONVERSION = YES;
				CLANG_WARN_INFINITE_RECURSION = YES;
				CLANG_WARN_INT_CONVERSION = YES;
				CLANG_WARN_NON_LITERAL_NULL_CONVERSION = YES;
				CLANG_WARN_OBJC_IMPLICIT_RETAIN_SELF = YES;
				CLANG_WARN_OBJC_LITERAL_CONVERSION = YES;
				CLANG_WARN_OBJC_ROOT_CLASS = YES_ERROR;
				CLANG_WARN_QUOTED_INCLUDE_IN_FRAMEWORK_HEADER = YES;
				CLANG_WARN_RANGE_LOOP_ANALYSIS = YES;
				CLANG_WARN_STRICT_PROTOTYPES = YES;
				CLANG_WARN_SUSPICIOUS_MOVE = YES;
				CLANG_WARN_UNGUARDED_AVAILABILITY = YES_AGGRESSIVE;
				CLANG_WARN_UNREACHABLE_CODE = YES;
				CLANG_WARN__DUPLICATE_METHOD_MATCH = YES;
				COPY_PHASE_STRIP = NO;
				CURRENT_PROJECT_VERSION = 1;
				DEBUG_INFORMATION_FORMAT = "dwarf-with-dsym";
				ENABLE_NS_ASSERTIONS = NO;
				ENABLE_STRICT_OBJC_MSGSEND = YES;
				GCC_C_LANGUAGE_STANDARD = gnu11;
				GCC_NO_COMMON_BLOCKS = YES;
				GCC_WARN_64_TO_32_BIT_CONVERSION = YES;
				GCC_WARN_ABOUT_RETURN_TYPE = YES_ERROR;
				GCC_WARN_UNDECLARED_SELECTOR = YES;
				GCC_WARN_UNINITIALIZED_AUTOS = YES_AGGRESSIVE;
				GCC_WARN_UNUSED_FUNCTION = YES;
				GCC_WARN_UNUSED_VARIABLE = YES;
				IPHONEOS_DEPLOYMENT_TARGET = 16.1;
				MTL_ENABLE_DEBUG_INFO = NO;
				MTL_FAST_MATH = YES;
				SDKROOT = iphoneos;
				SWIFT_COMPILATION_MODE = wholemodule;
				SWIFT_OPTIMIZATION_LEVEL = "-O";
				VALIDATE_PRODUCT = YES;
				VERSIONING_SYSTEM = "apple-generic";
				VERSION_INFO_PREFIX = "";
			};
			name = Release;
		};
		DA9EADAB29C3937800545E7B /* Debug */ = {
			isa = XCBuildConfiguration;
			buildSettings = {
				CODE_SIGN_STYLE = Automatic;
				CURRENT_PROJECT_VERSION = 1;
				DEFINES_MODULE = YES;
				DYLIB_COMPATIBILITY_VERSION = 1;
				DYLIB_CURRENT_VERSION = 1;
				DYLIB_INSTALL_NAME_BASE = "@rpath";
				GENERATE_INFOPLIST_FILE = YES;
				INFOPLIST_KEY_NSHumanReadableCopyright = "";
				INSTALL_PATH = "$(LOCAL_LIBRARY_DIR)/Frameworks";
				LD_RUNPATH_SEARCH_PATHS = (
					"$(inherited)",
					"@executable_path/Frameworks",
					"@loader_path/Frameworks",
				);
				MARKETING_VERSION = 1.0;
				PRODUCT_BUNDLE_IDENTIFIER = veeru.MqttnioFramework;
				PRODUCT_NAME = "$(TARGET_NAME:c99extidentifier)";
				SKIP_INSTALL = YES;
				SWIFT_EMIT_LOC_STRINGS = YES;
				SWIFT_VERSION = 5.0;
				TARGETED_DEVICE_FAMILY = "1,2";
			};
			name = Debug;
		};
		DA9EADAC29C3937800545E7B /* Release */ = {
			isa = XCBuildConfiguration;
			buildSettings = {
				CODE_SIGN_STYLE = Automatic;
				CURRENT_PROJECT_VERSION = 1;
				DEFINES_MODULE = YES;
				DYLIB_COMPATIBILITY_VERSION = 1;
				DYLIB_CURRENT_VERSION = 1;
				DYLIB_INSTALL_NAME_BASE = "@rpath";
				GENERATE_INFOPLIST_FILE = YES;
				INFOPLIST_KEY_NSHumanReadableCopyright = "";
				INSTALL_PATH = "$(LOCAL_LIBRARY_DIR)/Frameworks";
				LD_RUNPATH_SEARCH_PATHS = (
					"$(inherited)",
					"@executable_path/Frameworks",
					"@loader_path/Frameworks",
				);
				MARKETING_VERSION = 1.0;
				PRODUCT_BUNDLE_IDENTIFIER = veeru.MqttnioFramework;
				PRODUCT_NAME = "$(TARGET_NAME:c99extidentifier)";
				SKIP_INSTALL = YES;
				SWIFT_EMIT_LOC_STRINGS = YES;
				SWIFT_VERSION = 5.0;
				TARGETED_DEVICE_FAMILY = "1,2";
			};
			name = Release;
		};
		DA9EADAE29C3937800545E7B /* Debug */ = {
			isa = XCBuildConfiguration;
			buildSettings = {
				CODE_SIGN_STYLE = Automatic;
				CURRENT_PROJECT_VERSION = 1;
				GENERATE_INFOPLIST_FILE = YES;
				MARKETING_VERSION = 1.0;
				PRODUCT_BUNDLE_IDENTIFIER = veeru.MqttnioFrameworkTests;
				PRODUCT_NAME = "$(TARGET_NAME)";
				SWIFT_EMIT_LOC_STRINGS = NO;
				SWIFT_VERSION = 5.0;
				TARGETED_DEVICE_FAMILY = "1,2";
			};
			name = Debug;
		};
		DA9EADAF29C3937800545E7B /* Release */ = {
			isa = XCBuildConfiguration;
			buildSettings = {
				CODE_SIGN_STYLE = Automatic;
				CURRENT_PROJECT_VERSION = 1;
				GENERATE_INFOPLIST_FILE = YES;
				MARKETING_VERSION = 1.0;
				PRODUCT_BUNDLE_IDENTIFIER = veeru.MqttnioFrameworkTests;
				PRODUCT_NAME = "$(TARGET_NAME)";
				SWIFT_EMIT_LOC_STRINGS = NO;
				SWIFT_VERSION = 5.0;
				TARGETED_DEVICE_FAMILY = "1,2";
			};
			name = Release;
		};
/* End XCBuildConfiguration section */

/* Begin XCConfigurationList section */
		DA9EAD9029C3937800545E7B /* Build configuration list for PBXProject "MqttnioFramework" */ = {
			isa = XCConfigurationList;
			buildConfigurations = (
				DA9EADA829C3937800545E7B /* Debug */,
				DA9EADA929C3937800545E7B /* Release */,
			);
			defaultConfigurationIsVisible = 0;
			defaultConfigurationName = Release;
		};
		DA9EADAA29C3937800545E7B /* Build configuration list for PBXNativeTarget "MqttnioFramework" */ = {
			isa = XCConfigurationList;
			buildConfigurations = (
				DA9EADAB29C3937800545E7B /* Debug */,
				DA9EADAC29C3937800545E7B /* Release */,
			);
			defaultConfigurationIsVisible = 0;
			defaultConfigurationName = Release;
		};
		DA9EADAD29C3937800545E7B /* Build configuration list for PBXNativeTarget "MqttnioFrameworkTests" */ = {
			isa = XCConfigurationList;
			buildConfigurations = (
				DA9EADAE29C3937800545E7B /* Debug */,
				DA9EADAF29C3937800545E7B /* Release */,
			);
			defaultConfigurationIsVisible = 0;
			defaultConfigurationName = Release;
		};
/* End XCConfigurationList section */
	};
	rootObject = DA9EAD8D29C3937800545E7B /* Project object */;
}
